
Microsoft Visual Studio Solution File, Format Version 12.00
# Visual Studio Version 16
VisualStudioVersion = 16.0.30128.74
MinimumVisualStudioVersion = 10.0.40219.1
Project("{FAE04EC0-301F-11D3-BF4B-00C04F79EFBC}") = "Wörterbuch", "Wörterbuch\Wörterbuch.csproj", "{31ADE6A7-BE09-4E8C-99AA-A3B4E5941C59}"
EndProject
Global
	GlobalSection(SolutionConfigurationPlatforms) = preSolution
		Debug|Any CPU = Debug|Any CPU
		Release|Any CPU = Release|Any CPU
	EndGlobalSection
	GlobalSection(ProjectConfigurationPlatforms) = postSolution
		{31ADE6A7-BE09-4E8C-99AA-A3B4E5941C59}.Debug|Any CPU.ActiveCfg = Debug|Any CPU
		{31ADE6A7-BE09-4E8C-99AA-A3B4E5941C59}.Debug|Any CPU.Build.0 = Debug|Any CPU
		{31ADE6A7-BE09-4E8C-99AA-A3B4E5941C59}.Release|Any CPU.ActiveCfg = Release|Any CPU
		{31ADE6A7-BE09-4E8C-99AA-A3B4E5941C59}.Release|Any CPU.Build.0 = Release|Any CPU
	EndGlobalSection
	GlobalSection(SolutionProperties) = preSolution
		HideSolutionNode = FALSE
	EndGlobalSection
	GlobalSection(ExtensibilityGlobals) = postSolution
		SolutionGuid = {B3F23060-FD1B-47D3-8235-1822A147A80C}
	EndGlobalSection
EndGlobal
